// !$*UTF8*$!
{
	archiveVersion = 1;
	classes = {
	};
	objectVersion = 50;
	objects = {

/* Begin PBXBuildFile section */
		041A88CA243FE64A0085F27D /* AppDelegate.swift in Sources */ = {isa = PBXBuildFile; fileRef = 041A88C9243FE64A0085F27D /* AppDelegate.swift */; };
		041A88CC243FE64A0085F27D /* SceneDelegate.swift in Sources */ = {isa = PBXBuildFile; fileRef = 041A88CB243FE64A0085F27D /* SceneDelegate.swift */; };
		041A88CE243FE64A0085F27D /* PhotosViewController.swift in Sources */ = {isa = PBXBuildFile; fileRef = 041A88CD243FE64A0085F27D /* PhotosViewController.swift */; };
		041A88D1243FE64A0085F27D /* Main.storyboard in Resources */ = {isa = PBXBuildFile; fileRef = 041A88CF243FE64A0085F27D /* Main.storyboard */; };
		041A88D3243FE64D0085F27D /* Assets.xcassets in Resources */ = {isa = PBXBuildFile; fileRef = 041A88D2243FE64D0085F27D /* Assets.xcassets */; };
		041A88D6243FE64D0085F27D /* LaunchScreen.storyboard in Resources */ = {isa = PBXBuildFile; fileRef = 041A88D4243FE64D0085F27D /* LaunchScreen.storyboard */; };
		041A88E1243FE64D0085F27D /* DemoTests.swift in Sources */ = {isa = PBXBuildFile; fileRef = 041A88E0243FE64D0085F27D /* DemoTests.swift */; };
		041A88EC243FE64D0085F27D /* DemoUITests.swift in Sources */ = {isa = PBXBuildFile; fileRef = 041A88EB243FE64D0085F27D /* DemoUITests.swift */; };
		041A88FF243FE7760085F27D /* Photos.swift in Sources */ = {isa = PBXBuildFile; fileRef = 041A88FE243FE7760085F27D /* Photos.swift */; };
		041A8901243FEFB10085F27D /* PhotosViewPresenter.swift in Sources */ = {isa = PBXBuildFile; fileRef = 041A8900243FEFB10085F27D /* PhotosViewPresenter.swift */; };
		041A890624401A570085F27D /* PhotosUICollectionViewCell.swift in Sources */ = {isa = PBXBuildFile; fileRef = 041A890424401A570085F27D /* PhotosUICollectionViewCell.swift */; };
		041A890724401A570085F27D /* PhotosUICollectionViewCell.xib in Resources */ = {isa = PBXBuildFile; fileRef = 041A890524401A570085F27D /* PhotosUICollectionViewCell.xib */; };
/* End PBXBuildFile section */

/* Begin PBXContainerItemProxy section */
		041A88DD243FE64D0085F27D /* PBXContainerItemProxy */ = {
			isa = PBXContainerItemProxy;
			containerPortal = 041A88BE243FE64A0085F27D /* Project object */;
			proxyType = 1;
			remoteGlobalIDString = 041A88C5243FE64A0085F27D;
			remoteInfo = Demo;
		};
		041A88E8243FE64D0085F27D /* PBXContainerItemProxy */ = {
			isa = PBXContainerItemProxy;
			containerPortal = 041A88BE243FE64A0085F27D /* Project object */;
			proxyType = 1;
			remoteGlobalIDString = 041A88C5243FE64A0085F27D;
			remoteInfo = Demo;
		};
/* End PBXContainerItemProxy section */

/* Begin PBXFileReference section */
		041A88C6243FE64A0085F27D /* Demo.app */ = {isa = PBXFileReference; explicitFileType = wrapper.application; includeInIndex = 0; path = Demo.app; sourceTree = BUILT_PRODUCTS_DIR; };
		041A88C9243FE64A0085F27D /* AppDelegate.swift */ = {isa = PBXFileReference; lastKnownFileType = sourcecode.swift; path = AppDelegate.swift; sourceTree = "<group>"; };
		041A88CB243FE64A0085F27D /* SceneDelegate.swift */ = {isa = PBXFileReference; lastKnownFileType = sourcecode.swift; path = SceneDelegate.swift; sourceTree = "<group>"; };
		041A88CD243FE64A0085F27D /* PhotosViewController.swift */ = {isa = PBXFileReference; lastKnownFileType = sourcecode.swift; path = PhotosViewController.swift; sourceTree = "<group>"; };
		041A88D0243FE64A0085F27D /* Base */ = {isa = PBXFileReference; lastKnownFileType = file.storyboard; name = Base; path = Base.lproj/Main.storyboard; sourceTree = "<group>"; };
		041A88D2243FE64D0085F27D /* Assets.xcassets */ = {isa = PBXFileReference; lastKnownFileType = folder.assetcatalog; path = Assets.xcassets; sourceTree = "<group>"; };
		041A88D5243FE64D0085F27D /* Base */ = {isa = PBXFileReference; lastKnownFileType = file.storyboard; name = Base; path = Base.lproj/LaunchScreen.storyboard; sourceTree = "<group>"; };
		041A88D7243FE64D0085F27D /* Info.plist */ = {isa = PBXFileReference; lastKnownFileType = text.plist.xml; path = Info.plist; sourceTree = "<group>"; };
		041A88DC243FE64D0085F27D /* DemoTests.xctest */ = {isa = PBXFileReference; explicitFileType = wrapper.cfbundle; includeInIndex = 0; path = DemoTests.xctest; sourceTree = BUILT_PRODUCTS_DIR; };
		041A88E0243FE64D0085F27D /* DemoTests.swift */ = {isa = PBXFileReference; lastKnownFileType = sourcecode.swift; path = DemoTests.swift; sourceTree = "<group>"; };
		041A88E2243FE64D0085F27D /* Info.plist */ = {isa = PBXFileReference; lastKnownFileType = text.plist.xml; path = Info.plist; sourceTree = "<group>"; };
		041A88E7243FE64D0085F27D /* DemoUITests.xctest */ = {isa = PBXFileReference; explicitFileType = wrapper.cfbundle; includeInIndex = 0; path = DemoUITests.xctest; sourceTree = BUILT_PRODUCTS_DIR; };
		041A88EB243FE64D0085F27D /* DemoUITests.swift */ = {isa = PBXFileReference; lastKnownFileType = sourcecode.swift; path = DemoUITests.swift; sourceTree = "<group>"; };
		041A88ED243FE64D0085F27D /* Info.plist */ = {isa = PBXFileReference; lastKnownFileType = text.plist.xml; path = Info.plist; sourceTree = "<group>"; };
		041A88FE243FE7760085F27D /* Photos.swift */ = {isa = PBXFileReference; lastKnownFileType = sourcecode.swift; path = Photos.swift; sourceTree = "<group>"; };
		041A8900243FEFB10085F27D /* PhotosViewPresenter.swift */ = {isa = PBXFileReference; lastKnownFileType = sourcecode.swift; path = PhotosViewPresenter.swift; sourceTree = "<group>"; };
		041A890424401A570085F27D /* PhotosUICollectionViewCell.swift */ = {isa = PBXFileReference; lastKnownFileType = sourcecode.swift; path = PhotosUICollectionViewCell.swift; sourceTree = "<group>"; };
		041A890524401A570085F27D /* PhotosUICollectionViewCell.xib */ = {isa = PBXFileReference; lastKnownFileType = file.xib; path = PhotosUICollectionViewCell.xib; sourceTree = "<group>"; };
/* End PBXFileReference section */

/* Begin PBXFrameworksBuildPhase section */
		041A88C3243FE64A0085F27D /* Frameworks */ = {
			isa = PBXFrameworksBuildPhase;
			buildActionMask = 2147483647;
			files = (
			);
			runOnlyForDeploymentPostprocessing = 0;
		};
		041A88D9243FE64D0085F27D /* Frameworks */ = {
			isa = PBXFrameworksBuildPhase;
			buildActionMask = 2147483647;
			files = (
			);
			runOnlyForDeploymentPostprocessing = 0;
		};
		041A88E4243FE64D0085F27D /* Frameworks */ = {
			isa = PBXFrameworksBuildPhase;
			buildActionMask = 2147483647;
			files = (
			);
			runOnlyForDeploymentPostprocessing = 0;
		};
/* End PBXFrameworksBuildPhase section */

/* Begin PBXGroup section */
		041A88BD243FE64A0085F27D = {
			isa = PBXGroup;
			children = (
				041A88C8243FE64A0085F27D /* Demo */,
				041A88DF243FE64D0085F27D /* DemoTests */,
				041A88EA243FE64D0085F27D /* DemoUITests */,
				041A88C7243FE64A0085F27D /* Products */,
			);
			sourceTree = "<group>";
		};
		041A88C7243FE64A0085F27D /* Products */ = {
			isa = PBXGroup;
			children = (
				041A88C6243FE64A0085F27D /* Demo.app */,
				041A88DC243FE64D0085F27D /* DemoTests.xctest */,
				041A88E7243FE64D0085F27D /* DemoUITests.xctest */,
			);
			name = Products;
			sourceTree = "<group>";
		};
		041A88C8243FE64A0085F27D /* Demo */ = {
			isa = PBXGroup;
			children = (
				041A88FD243FE7140085F27D /* Networking */,
				041A88FA243FE6ED0085F27D /* Models */,
				041A88FB243FE6F70085F27D /* Views */,
				041A88FC243FE7040085F27D /* Presenters */,
				041A88C9243FE64A0085F27D /* AppDelegate.swift */,
				041A88CB243FE64A0085F27D /* SceneDelegate.swift */,
				041A88CF243FE64A0085F27D /* Main.storyboard */,
				041A88D2243FE64D0085F27D /* Assets.xcassets */,
				041A88D4243FE64D0085F27D /* LaunchScreen.storyboard */,
				041A88D7243FE64D0085F27D /* Info.plist */,
			);
			path = Demo;
			sourceTree = "<group>";
		};
		041A88DF243FE64D0085F27D /* DemoTests */ = {
			isa = PBXGroup;
			children = (
				041A88E0243FE64D0085F27D /* DemoTests.swift */,
				041A88E2243FE64D0085F27D /* Info.plist */,
			);
			path = DemoTests;
			sourceTree = "<group>";
		};
		041A88EA243FE64D0085F27D /* DemoUITests */ = {
			isa = PBXGroup;
			children = (
				041A88EB243FE64D0085F27D /* DemoUITests.swift */,
				041A88ED243FE64D0085F27D /* Info.plist */,
			);
			path = DemoUITests;
			sourceTree = "<group>";
		};
		041A88FA243FE6ED0085F27D /* Models */ = {
			isa = PBXGroup;
			children = (
				041A88FE243FE7760085F27D /* Photos.swift */,
			);
			path = Models;
			sourceTree = "<group>";
		};
		041A88FB243FE6F70085F27D /* Views */ = {
			isa = PBXGroup;
			children = (
				041A88CD243FE64A0085F27D /* PhotosViewController.swift */,
				041A890424401A570085F27D /* PhotosUICollectionViewCell.swift */,
				041A890524401A570085F27D /* PhotosUICollectionViewCell.xib */,
			);
			path = Views;
			sourceTree = "<group>";
		};
		041A88FC243FE7040085F27D /* Presenters */ = {
			isa = PBXGroup;
			children = (
				041A8900243FEFB10085F27D /* PhotosViewPresenter.swift */,
			);
			path = Presenters;
			sourceTree = "<group>";
		};
		041A88FD243FE7140085F27D /* Networking */ = {
			isa = PBXGroup;
			children = (
			);
			path = Networking;
			sourceTree = "<group>";
		};
/* End PBXGroup section */

/* Begin PBXNativeTarget section */
		041A88C5243FE64A0085F27D /* Demo */ = {
			isa = PBXNativeTarget;
			buildConfigurationList = 041A88F0243FE64D0085F27D /* Build configuration list for PBXNativeTarget "Demo" */;
			buildPhases = (
				041A88C2243FE64A0085F27D /* Sources */,
				041A88C3243FE64A0085F27D /* Frameworks */,
				041A88C4243FE64A0085F27D /* Resources */,
			);
			buildRules = (
			);
			dependencies = (
			);
			name = Demo;
			productName = Demo;
			productReference = 041A88C6243FE64A0085F27D /* Demo.app */;
			productType = "com.apple.product-type.application";
		};
		041A88DB243FE64D0085F27D /* DemoTests */ = {
			isa = PBXNativeTarget;
			buildConfigurationList = 041A88F3243FE64D0085F27D /* Build configuration list for PBXNativeTarget "DemoTests" */;
			buildPhases = (
				041A88D8243FE64D0085F27D /* Sources */,
				041A88D9243FE64D0085F27D /* Frameworks */,
				041A88DA243FE64D0085F27D /* Resources */,
			);
			buildRules = (
			);
			dependencies = (
				041A88DE243FE64D0085F27D /* PBXTargetDependency */,
			);
			name = DemoTests;
			productName = DemoTests;
			productReference = 041A88DC243FE64D0085F27D /* DemoTests.xctest */;
			productType = "com.apple.product-type.bundle.unit-test";
		};
		041A88E6243FE64D0085F27D /* DemoUITests */ = {
			isa = PBXNativeTarget;
			buildConfigurationList = 041A88F6243FE64D0085F27D /* Build configuration list for PBXNativeTarget "DemoUITests" */;
			buildPhases = (
				041A88E3243FE64D0085F27D /* Sources */,
				041A88E4243FE64D0085F27D /* Frameworks */,
				041A88E5243FE64D0085F27D /* Resources */,
			);
			buildRules = (
			);
			dependencies = (
				041A88E9243FE64D0085F27D /* PBXTargetDependency */,
			);
			name = DemoUITests;
			productName = DemoUITests;
			productReference = 041A88E7243FE64D0085F27D /* DemoUITests.xctest */;
			productType = "com.apple.product-type.bundle.ui-testing";
		};
/* End PBXNativeTarget section */

/* Begin PBXProject section */
		041A88BE243FE64A0085F27D /* Project object */ = {
			isa = PBXProject;
			attributes = {
				LastSwiftUpdateCheck = 1140;
				LastUpgradeCheck = 1140;
				ORGANIZATIONNAME = fl;
				TargetAttributes = {
					041A88C5243FE64A0085F27D = {
						CreatedOnToolsVersion = 11.4;
					};
					041A88DB243FE64D0085F27D = {
						CreatedOnToolsVersion = 11.4;
						TestTargetID = 041A88C5243FE64A0085F27D;
					};
					041A88E6243FE64D0085F27D = {
						CreatedOnToolsVersion = 11.4;
						TestTargetID = 041A88C5243FE64A0085F27D;
					};
				};
			};
			buildConfigurationList = 041A88C1243FE64A0085F27D /* Build configuration list for PBXProject "Demo" */;
			compatibilityVersion = "Xcode 9.3";
			developmentRegion = en;
			hasScannedForEncodings = 0;
			knownRegions = (
				en,
				Base,
			);
			mainGroup = 041A88BD243FE64A0085F27D;
			productRefGroup = 041A88C7243FE64A0085F27D /* Products */;
			projectDirPath = "";
			projectRoot = "";
			targets = (
				041A88C5243FE64A0085F27D /* Demo */,
				041A88DB243FE64D0085F27D /* DemoTests */,
				041A88E6243FE64D0085F27D /* DemoUITests */,
			);
		};
/* End PBXProject section */

/* Begin PBXResourcesBuildPhase section */
		041A88C4243FE64A0085F27D /* Resources */ = {
			isa = PBXResourcesBuildPhase;
			buildActionMask = 2147483647;
			files = (
				041A88D6243FE64D0085F27D /* LaunchScreen.storyboard in Resources */,
				041A890724401A570085F27D /* PhotosUICollectionViewCell.xib in Resources */,
				041A88D3243FE64D0085F27D /* Assets.xcassets in Resources */,
				041A88D1243FE64A0085F27D /* Main.storyboard in Resources */,
			);
			runOnlyForDeploymentPostprocessing = 0;
		};
		041A88DA243FE64D0085F27D /* Resources */ = {
			isa = PBXResourcesBuildPhase;
			buildActionMask = 2147483647;
			files = (
			);
			runOnlyForDeploymentPostprocessing = 0;
		};
		041A88E5243FE64D0085F27D /* Resources */ = {
			isa = PBXResourcesBuildPhase;
			buildActionMask = 2147483647;
			files = (
			);
			runOnlyForDeploymentPostprocessing = 0;
		};
/* End PBXResourcesBuildPhase section */

/* Begin PBXSourcesBuildPhase section */
		041A88C2243FE64A0085F27D /* Sources */ = {
			isa = PBXSourcesBuildPhase;
			buildActionMask = 2147483647;
			files = (
				041A890624401A570085F27D /* PhotosUICollectionViewCell.swift in Sources */,
				041A88FF243FE7760085F27D /* Photos.swift in Sources */,
				041A88CE243FE64A0085F27D /* PhotosViewController.swift in Sources */,
				041A88CA243FE64A0085F27D /* AppDelegate.swift in Sources */,
				041A8901243FEFB10085F27D /* PhotosViewPresenter.swift in Sources */,
				041A88CC243FE64A0085F27D /* SceneDelegate.swift in Sources */,
			);
			runOnlyForDeploymentPostprocessing = 0;
		};
		041A88D8243FE64D0085F27D /* Sources */ = {
			isa = PBXSourcesBuildPhase;
			buildActionMask = 2147483647;
			files = (
				041A88E1243FE64D0085F27D /* DemoTests.swift in Sources */,
			);
			runOnlyForDeploymentPostprocessing = 0;
		};
		041A88E3243FE64D0085F27D /* Sources */ = {
			isa = PBXSourcesBuildPhase;
			buildActionMask = 2147483647;
			files = (
				041A88EC243FE64D0085F27D /* DemoUITests.swift in Sources */,
			);
			runOnlyForDeploymentPostprocessing = 0;
		};
/* End PBXSourcesBuildPhase section */

/* Begin PBXTargetDependency section */
		041A88DE243FE64D0085F27D /* PBXTargetDependency */ = {
			isa = PBXTargetDependency;
			target = 041A88C5243FE64A0085F27D /* Demo */;
			targetProxy = 041A88DD243FE64D0085F27D /* PBXContainerItemProxy */;
		};
		041A88E9243FE64D0085F27D /* PBXTargetDependency */ = {
			isa = PBXTargetDependency;
			target = 041A88C5243FE64A0085F27D /* Demo */;
			targetProxy = 041A88E8243FE64D0085F27D /* PBXContainerItemProxy */;
		};
/* End PBXTargetDependency section */

/* Begin PBXVariantGroup section */
		041A88CF243FE64A0085F27D /* Main.storyboard */ = {
			isa = PBXVariantGroup;
			children = (
				041A88D0243FE64A0085F27D /* Base */,
			);
			name = Main.storyboard;
			sourceTree = "<group>";
		};
		041A88D4243FE64D0085F27D /* LaunchScreen.storyboard */ = {
			isa = PBXVariantGroup;
			children = (
				041A88D5243FE64D0085F27D /* Base */,
			);
			name = LaunchScreen.storyboard;
			sourceTree = "<group>";
		};
/* End PBXVariantGroup section */

/* Begin XCBuildConfiguration section */
		041A88EE243FE64D0085F27D /* Debug */ = {
			isa = XCBuildConfiguration;
			buildSettings = {
				ALWAYS_SEARCH_USER_PATHS = NO;
				CLANG_ANALYZER_NONNULL = YES;
				CLANG_ANALYZER_NUMBER_OBJECT_CONVERSION = YES_AGGRESSIVE;
				CLANG_CXX_LANGUAGE_STANDARD = "gnu++14";
				CLANG_CXX_LIBRARY = "libc++";
				CLANG_ENABLE_MODULES = YES;
				CLANG_ENABLE_OBJC_ARC = YES;
				CLANG_ENABLE_OBJC_WEAK = YES;
				CLANG_WARN_BLOCK_CAPTURE_AUTORELEASING = YES;
				CLANG_WARN_BOOL_CONVERSION = YES;
				CLANG_WARN_COMMA = YES;
				CLANG_WARN_CONSTANT_CONVERSION = YES;
				CLANG_WARN_DEPRECATED_OBJC_IMPLEMENTATIONS = YES;
				CLANG_WARN_DIRECT_OBJC_ISA_USAGE = YES_ERROR;
				CLANG_WARN_DOCUMENTATION_COMMENTS = YES;
				CLANG_WARN_EMPTY_BODY = YES;
				CLANG_WARN_ENUM_CONVERSION = YES;
				CLANG_WARN_INFINITE_RECURSION = YES;
				CLANG_WARN_INT_CONVERSION = YES;
				CLANG_WARN_NON_LITERAL_NULL_CONVERSION = YES;
				CLANG_WARN_OBJC_IMPLICIT_RETAIN_SELF = YES;
				CLANG_WARN_OBJC_LITERAL_CONVERSION = YES;
				CLANG_WARN_OBJC_ROOT_CLASS = YES_ERROR;
				CLANG_WARN_RANGE_LOOP_ANALYSIS = YES;
				CLANG_WARN_STRICT_PROTOTYPES = YES;
				CLANG_WARN_SUSPICIOUS_MOVE = YES;
				CLANG_WARN_UNGUARDED_AVAILABILITY = YES_AGGRESSIVE;
				CLANG_WARN_UNREACHABLE_CODE = YES;
				CLANG_WARN__DUPLICATE_METHOD_MATCH = YES;
				COPY_PHASE_STRIP = NO;
				DEBUG_INFORMATION_FORMAT = dwarf;
				ENABLE_STRICT_OBJC_MSGSEND = YES;
				ENABLE_TESTABILITY = YES;
				GCC_C_LANGUAGE_STANDARD = gnu11;
				GCC_DYNAMIC_NO_PIC = NO;
				GCC_NO_COMMON_BLOCKS = YES;
				GCC_OPTIMIZATION_LEVEL = 0;
				GCC_PREPROCESSOR_DEFINITIONS = (
					"DEBUG=1",
					"$(inherited)",
				);
				GCC_WARN_64_TO_32_BIT_CONVERSION = YES;
				GCC_WARN_ABOUT_RETURN_TYPE = YES_ERROR;
				GCC_WARN_UNDECLARED_SELECTOR = YES;
				GCC_WARN_UNINITIALIZED_AUTOS = YES_AGGRESSIVE;
				GCC_WARN_UNUSED_FUNCTION = YES;
				GCC_WARN_UNUSED_VARIABLE = YES;
				IPHONEOS_DEPLOYMENT_TARGET = 11.0;
				MTL_ENABLE_DEBUG_INFO = INCLUDE_SOURCE;
				MTL_FAST_MATH = YES;
				ONLY_ACTIVE_ARCH = YES;
				SDKROOT = iphoneos;
				SWIFT_ACTIVE_COMPILATION_CONDITIONS = DEBUG;
				SWIFT_OPTIMIZATION_LEVEL = "-Onone";
			};
			name = Debug;
		};
		041A88EF243FE64D0085F27D /* Release */ = {
			isa = XCBuildConfiguration;
			buildSettings = {
				ALWAYS_SEARCH_USER_PATHS = NO;
				CLANG_ANALYZER_NONNULL = YES;
				CLANG_ANALYZER_NUMBER_OBJECT_CONVERSION = YES_AGGRESSIVE;
				CLANG_CXX_LANGUAGE_STANDARD = "gnu++14";
				CLANG_CXX_LIBRARY = "libc++";
				CLANG_ENABLE_MODULES = YES;
				CLANG_ENABLE_OBJC_ARC = YES;
				CLANG_ENABLE_OBJC_WEAK = YES;
				CLANG_WARN_BLOCK_CAPTURE_AUTORELEASING = YES;
				CLANG_WARN_BOOL_CONVERSION = YES;
				CLANG_WARN_COMMA = YES;
				CLANG_WARN_CONSTANT_CONVERSION = YES;
				CLANG_WARN_DEPRECATED_OBJC_IMPLEMENTATIONS = YES;
				CLANG_WARN_DIRECT_OBJC_ISA_USAGE = YES_ERROR;
				CLANG_WARN_DOCUMENTATION_COMMENTS = YES;
				CLANG_WARN_EMPTY_BODY = YES;
				CLANG_WARN_ENUM_CONVERSION = YES;
				CLANG_WARN_INFINITE_RECURSION = YES;
				CLANG_WARN_INT_CONVERSION = YES;
				CLANG_WARN_NON_LITERAL_NULL_CONVERSION = YES;
				CLANG_WARN_OBJC_IMPLICIT_RETAIN_SELF = YES;
				CLANG_WARN_OBJC_LITERAL_CONVERSION = YES;
				CLANG_WARN_OBJC_ROOT_CLASS = YES_ERROR;
				CLANG_WARN_RANGE_LOOP_ANALYSIS = YES;
				CLANG_WARN_STRICT_PROTOTYPES = YES;
				CLANG_WARN_SUSPICIOUS_MOVE = YES;
				CLANG_WARN_UNGUARDED_AVAILABILITY = YES_AGGRESSIVE;
				CLANG_WARN_UNREACHABLE_CODE = YES;
				CLANG_WARN__DUPLICATE_METHOD_MATCH = YES;
				COPY_PHASE_STRIP = NO;
				DEBUG_INFORMATION_FORMAT = "dwarf-with-dsym";
				ENABLE_NS_ASSERTIONS = NO;
				ENABLE_STRICT_OBJC_MSGSEND = YES;
				GCC_C_LANGUAGE_STANDARD = gnu11;
				GCC_NO_COMMON_BLOCKS = YES;
				GCC_WARN_64_TO_32_BIT_CONVERSION = YES;
				GCC_WARN_ABOUT_RETURN_TYPE = YES_ERROR;
				GCC_WARN_UNDECLARED_SELECTOR = YES;
				GCC_WARN_UNINITIALIZED_AUTOS = YES_AGGRESSIVE;
				GCC_WARN_UNUSED_FUNCTION = YES;
				GCC_WARN_UNUSED_VARIABLE = YES;
				IPHONEOS_DEPLOYMENT_TARGET = 11.0;
				MTL_ENABLE_DEBUG_INFO = NO;
				MTL_FAST_MATH = YES;
				SDKROOT = iphoneos;
				SWIFT_COMPILATION_MODE = wholemodule;
				SWIFT_OPTIMIZATION_LEVEL = "-O";
				VALIDATE_PRODUCT = YES;
			};
			name = Release;
		};
		041A88F1243FE64D0085F27D /* Debug */ = {
			isa = XCBuildConfiguration;
			buildSettings = {
				ASSETCATALOG_COMPILER_APPICON_NAME = AppIcon;
				CODE_SIGN_STYLE = Automatic;
				DEVELOPMENT_TEAM = WCY6LMWTDZ;
				INFOPLIST_FILE = Demo/Info.plist;
				LD_RUNPATH_SEARCH_PATHS = (
					"$(inherited)",
					"@executable_path/Frameworks",
				);
				PRODUCT_BUNDLE_IDENTIFIER = com.demo.Demo;
				PRODUCT_NAME = "$(TARGET_NAME)";
				SWIFT_VERSION = 5.0;
				TARGETED_DEVICE_FAMILY = "1,2";
			};
			name = Debug;
		};
		041A88F2243FE64D0085F27D /* Release */ = {
			isa = XCBuildConfiguration;
			buildSettings = {
				ASSETCATALOG_COMPILER_APPICON_NAME = AppIcon;
				CODE_SIGN_STYLE = Automatic;
				DEVELOPMENT_TEAM = WCY6LMWTDZ;
				INFOPLIST_FILE = Demo/Info.plist;
				LD_RUNPATH_SEARCH_PATHS = (
					"$(inherited)",
					"@executable_path/Frameworks",
				);
				PRODUCT_BUNDLE_IDENTIFIER = com.demo.Demo;
				PRODUCT_NAME = "$(TARGET_NAME)";
				SWIFT_VERSION = 5.0;
				TARGETED_DEVICE_FAMILY = "1,2";
			};
			name = Release;
		};
		041A88F4243FE64D0085F27D /* Debug */ = {
			isa = XCBuildConfiguration;
			buildSettings = {
				ALWAYS_EMBED_SWIFT_STANDARD_LIBRARIES = YES;
				BUNDLE_LOADER = "$(TEST_HOST)";
				CODE_SIGN_STYLE = Automatic;
				DEVELOPMENT_TEAM = WCY6LMWTDZ;
				INFOPLIST_FILE = DemoTests/Info.plist;
				IPHONEOS_DEPLOYMENT_TARGET = 13.4;
				LD_RUNPATH_SEARCH_PATHS = (
					"$(inherited)",
					"@executable_path/Frameworks",
					"@loader_path/Frameworks",
				);
				PRODUCT_BUNDLE_IDENTIFIER = com.demo.DemoTests;
				PRODUCT_NAME = "$(TARGET_NAME)";
				SWIFT_VERSION = 5.0;
				TARGETED_DEVICE_FAMILY = "1,2";
				TEST_HOST = "$(BUILT_PRODUCTS_DIR)/Demo.app/Demo";
			};
			name = Debug;
		};
		041A88F5243FE64D0085F27D /* Release */ = {
			isa = XCBuildConfiguration;
			buildSettings = {
				ALWAYS_EMBED_SWIFT_STANDARD_LIBRARIES = YES;
				BUNDLE_LOADER = "$(TEST_HOST)";
				CODE_SIGN_STYLE = Automatic;
				DEVELOPMENT_TEAM = WCY6LMWTDZ;
				INFOPLIST_FILE = DemoTests/Info.plist;
				IPHONEOS_DEPLOYMENT_TARGET = 13.4;
				LD_RUNPATH_SEARCH_PATHS = (
					"$(inherited)",
					"@executable_path/Frameworks",
					"@loader_path/Frameworks",
				);
				PRODUCT_BUNDLE_IDENTIFIER = com.demo.DemoTests;
				PRODUCT_NAME = "$(TARGET_NAME)";
				SWIFT_VERSION = 5.0;
				TARGETED_DEVICE_FAMILY = "1,2";
				TEST_HOST = "$(BUILT_PRODUCTS_DIR)/Demo.app/Demo";
			};
			name = Release;
		};
		041A88F7243FE64D0085F27D /* Debug */ = {
			isa = XCBuildConfiguration;
			buildSettings = {
				ALWAYS_EMBED_SWIFT_STANDARD_LIBRARIES = YES;
				CODE_SIGN_STYLE = Automatic;
				DEVELOPMENT_TEAM = WCY6LMWTDZ;
				INFOPLIST_FILE = DemoUITests/Info.plist;
				LD_RUNPATH_SEARCH_PATHS = (
					"$(inherited)",
					"@executable_path/Frameworks",
					"@loader_path/Frameworks",
				);
				PRODUCT_BUNDLE_IDENTIFIER = com.demo.DemoUITests;
				PRODUCT_NAME = "$(TARGET_NAME)";
				SWIFT_VERSION = 5.0;
				TARGETED_DEVICE_FAMILY = "1,2";
				TEST_TARGET_NAME = Demo;
			};
			name = Debug;
		};
		041A88F8243FE64D0085F27D /* Release */ = {
			isa = XCBuildConfiguration;
			buildSettings = {
				ALWAYS_EMBED_SWIFT_STANDARD_LIBRARIES = YES;
				CODE_SIGN_STYLE = Automatic;
				DEVELOPMENT_TEAM = WCY6LMWTDZ;
				INFOPLIST_FILE = DemoUITests/Info.plist;
				LD_RUNPATH_SEARCH_PATHS = (
					"$(inherited)",
					"@executable_path/Frameworks",
					"@loader_path/Frameworks",
				);
				PRODUCT_BUNDLE_IDENTIFIER = com.demo.DemoUITests;
				PRODUCT_NAME = "$(TARGET_NAME)";
				SWIFT_VERSION = 5.0;
				TARGETED_DEVICE_FAMILY = "1,2";
				TEST_TARGET_NAME = Demo;
			};
			name = Release;
		};
/* End XCBuildConfiguration section */

/* Begin XCConfigurationList section */
		041A88C1243FE64A0085F27D /* Build configuration list for PBXProject "Demo" */ = {
			isa = XCConfigurationList;
			buildConfigurations = (
				041A88EE243FE64D0085F27D /* Debug */,
				041A88EF243FE64D0085F27D /* Release */,
			);
			defaultConfigurationIsVisible = 0;
			defaultConfigurationName = Release;
		};
		041A88F0243FE64D0085F27D /* Build configuration list for PBXNativeTarget "Demo" */ = {
			isa = XCConfigurationList;
			buildConfigurations = (
				041A88F1243FE64D0085F27D /* Debug */,
				041A88F2243FE64D0085F27D /* Release */,
			);
			defaultConfigurationIsVisible = 0;
			defaultConfigurationName = Release;
		};
		041A88F3243FE64D0085F27D /* Build configuration list for PBXNativeTarget "DemoTests" */ = {
			isa = XCConfigurationList;
			buildConfigurations = (
				041A88F4243FE64D0085F27D /* Debug */,
				041A88F5243FE64D0085F27D /* Release */,
			);
			defaultConfigurationIsVisible = 0;
			defaultConfigurationName = Release;
		};
		041A88F6243FE64D0085F27D /* Build configuration list for PBXNativeTarget "DemoUITests" */ = {
			isa = XCConfigurationList;
			buildConfigurations = (
				041A88F7243FE64D0085F27D /* Debug */,
				041A88F8243FE64D0085F27D /* Release */,
			);
			defaultConfigurationIsVisible = 0;
			defaultConfigurationName = Release;
		};
/* End XCConfigurationList section */
	};
	rootObject = 041A88BE243FE64A0085F27D /* Project object */;
}
